
Microsoft Visual Studio Solution File, Format Version 12.00
# Visual Studio Version 16
VisualStudioVersion = 16.0.32929.386
MinimumVisualStudioVersion = 10.0.40219.1
Project("{FAE04EC0-301F-11D3-BF4B-00C04F79EFBC}") = "UpSchool_ChainOfResponsibility", "UpSchool_ChainOfResponsibility\UpSchool_ChainOfResponsibility.csproj", "{05A17BF0-056E-402F-8D36-B35AE62E3924}"
EndProject
Global
	GlobalSection(SolutionConfigurationPlatforms) = preSolution
		Debug|Any CPU = Debug|Any CPU
		Release|Any CPU = Release|Any CPU
	EndGlobalSection
	GlobalSection(ProjectConfigurationPlatforms) = postSolution
		{05A17BF0-056E-402F-8D36-B35AE62E3924}.Debug|Any CPU.ActiveCfg = Debug|Any CPU
		{05A17BF0-056E-402F-8D36-B35AE62E3924}.Debug|Any CPU.Build.0 = Debug|Any CPU
		{05A17BF0-056E-402F-8D36-B35AE62E3924}.Release|Any CPU.ActiveCfg = Release|Any CPU
		{05A17BF0-056E-402F-8D36-B35AE62E3924}.Release|Any CPU.Build.0 = Release|Any CPU
	EndGlobalSection
	GlobalSection(SolutionProperties) = preSolution
		HideSolutionNode = FALSE
	EndGlobalSection
	GlobalSection(ExtensibilityGlobals) = postSolution
		SolutionGuid = {228D88C5-07C8-41DB-82A8-78AD0FF37460}
	EndGlobalSection
EndGlobal
